# This file is automatically @generated by Poetry 1.5.1 and should not be changed by hand.

[[package]]
name = "part2"
version = "1.1.0"
description = "UNKNOWN"
optional = false
python-versions = "*"
files = [
    {file = "part2-1.1.0.tar.gz", hash = "sha256:ffd3e99763d2a6bc0c4e8eba286075882b54471affd0697dca38d30c3d2793ef"},
]

[metadata]
lock-version = "2.0"
python-versions = ">=3.10.0,<3.11"
content-hash = "6cb041845dc81828042c20b9a2bf9966cbb3b2d59c847a413ff07d7b9794a228"
